// !$*UTF8*$!
{
	archiveVersion = 1;
	classes = {
	};
	objectVersion = 56;
	objects = {

/* Begin PBXBuildFile section */
		265DC3812BCD1412006F2585 /* NotesAppUsingCoreDataApp.swift in Sources */ = {isa = PBXBuildFile; fileRef = 265DC3802BCD1412006F2585 /* NotesAppUsingCoreDataApp.swift */; };
		265DC3852BCD1413006F2585 /* Assets.xcassets in Resources */ = {isa = PBXBuildFile; fileRef = 265DC3842BCD1413006F2585 /* Assets.xcassets */; };
		265DC3882BCD1413006F2585 /* Preview Assets.xcassets in Resources */ = {isa = PBXBuildFile; fileRef = 265DC3872BCD1413006F2585 /* Preview Assets.xcassets */; };
		265DC3902BCD1637006F2585 /* Notes.xcdatamodeld in Sources */ = {isa = PBXBuildFile; fileRef = 265DC38E2BCD1637006F2585 /* Notes.xcdatamodeld */; };
		265DC3922BCD175C006F2585 /* NoteListView.swift in Sources */ = {isa = PBXBuildFile; fileRef = 265DC3912BCD175C006F2585 /* NoteListView.swift */; };
		265DC3942BCD17F7006F2585 /* NoteDetailsView.swift in Sources */ = {isa = PBXBuildFile; fileRef = 265DC3932BCD17F7006F2585 /* NoteDetailsView.swift */; };
		265DC3962BCD191C006F2585 /* AddNewNoteView.swift in Sources */ = {isa = PBXBuildFile; fileRef = 265DC3952BCD191C006F2585 /* AddNewNoteView.swift */; };
		265DC3992BCD1F36006F2585 /* NewDateFormatter.swift in Sources */ = {isa = PBXBuildFile; fileRef = 265DC3982BCD1F36006F2585 /* NewDateFormatter.swift */; };
		9B4983A32C981A0300259E2E /* ShareSheet.swift in Sources */ = {isa = PBXBuildFile; fileRef = 9B4983A22C981A0300259E2E /* ShareSheet.swift */; };
		9B4983A72C98212700259E2E /* EditNoteView.swift in Sources */ = {isa = PBXBuildFile; fileRef = 9B4983A62C98212700259E2E /* EditNoteView.swift */; };
/* End PBXBuildFile section */

/* Begin PBXFileReference section */
		265DC37D2BCD1412006F2585 /* NotesAppUsingCoreData.app */ = {isa = PBXFileReference; explicitFileType = wrapper.application; includeInIndex = 0; path = NotesAppUsingCoreData.app; sourceTree = BUILT_PRODUCTS_DIR; };
		265DC3802BCD1412006F2585 /* NotesAppUsingCoreDataApp.swift */ = {isa = PBXFileReference; lastKnownFileType = sourcecode.swift; path = NotesAppUsingCoreDataApp.swift; sourceTree = "<group>"; };
		265DC3842BCD1413006F2585 /* Assets.xcassets */ = {isa = PBXFileReference; lastKnownFileType = folder.assetcatalog; path = Assets.xcassets; sourceTree = "<group>"; };
		265DC3872BCD1413006F2585 /* Preview Assets.xcassets */ = {isa = PBXFileReference; lastKnownFileType = folder.assetcatalog; path = "Preview Assets.xcassets"; sourceTree = "<group>"; };
		265DC38F2BCD1637006F2585 /* NotesDataModel.xcdatamodel */ = {isa = PBXFileReference; lastKnownFileType = wrapper.xcdatamodel; path = NotesDataModel.xcdatamodel; sourceTree = "<group>"; };
		265DC3912BCD175C006F2585 /* NoteListView.swift */ = {isa = PBXFileReference; lastKnownFileType = sourcecode.swift; path = NoteListView.swift; sourceTree = "<group>"; };
		265DC3932BCD17F7006F2585 /* NoteDetailsView.swift */ = {isa = PBXFileReference; lastKnownFileType = sourcecode.swift; path = NoteDetailsView.swift; sourceTree = "<group>"; };
		265DC3952BCD191C006F2585 /* AddNewNoteView.swift */ = {isa = PBXFileReference; lastKnownFileType = sourcecode.swift; path = AddNewNoteView.swift; sourceTree = "<group>"; };
		265DC3982BCD1F36006F2585 /* NewDateFormatter.swift */ = {isa = PBXFileReference; lastKnownFileType = sourcecode.swift; path = NewDateFormatter.swift; sourceTree = "<group>"; };
		9B4983A22C981A0300259E2E /* ShareSheet.swift */ = {isa = PBXFileReference; lastKnownFileType = sourcecode.swift; path = ShareSheet.swift; sourceTree = "<group>"; };
		9B4983A62C98212700259E2E /* EditNoteView.swift */ = {isa = PBXFileReference; lastKnownFileType = sourcecode.swift; path = EditNoteView.swift; sourceTree = "<group>"; };
/* End PBXFileReference section */

/* Begin PBXFrameworksBuildPhase section */
		265DC37A2BCD1412006F2585 /* Frameworks */ = {
			isa = PBXFrameworksBuildPhase;
			buildActionMask = 2147483647;
			files = (
			);
			runOnlyForDeploymentPostprocessing = 0;
		};
/* End PBXFrameworksBuildPhase section */

/* Begin PBXGroup section */
		265DC3742BCD1412006F2585 = {
			isa = PBXGroup;
			children = (
				265DC37F2BCD1412006F2585 /* NotesAppUsingCoreData */,
				265DC37E2BCD1412006F2585 /* Products */,
			);
			sourceTree = "<group>";
		};
		265DC37E2BCD1412006F2585 /* Products */ = {
			isa = PBXGroup;
			children = (
				265DC37D2BCD1412006F2585 /* NotesAppUsingCoreData.app */,
			);
			name = Products;
			sourceTree = "<group>";
		};
		265DC37F2BCD1412006F2585 /* NotesAppUsingCoreData */ = {
			isa = PBXGroup;
			children = (
				265DC3802BCD1412006F2585 /* NotesAppUsingCoreDataApp.swift */,
				265DC38E2BCD1637006F2585 /* Notes.xcdatamodeld */,
				265DC3912BCD175C006F2585 /* NoteListView.swift */,
				265DC3952BCD191C006F2585 /* AddNewNoteView.swift */,
				265DC3932BCD17F7006F2585 /* NoteDetailsView.swift */,
				9B4983A62C98212700259E2E /* EditNoteView.swift */,
				265DC3972BCD1F24006F2585 /* Formatters */,
				9B4983A12C9819BE00259E2E /* Representables */,
				265DC3842BCD1413006F2585 /* Assets.xcassets */,
				265DC3862BCD1413006F2585 /* Preview Content */,
			);
			path = NotesAppUsingCoreData;
			sourceTree = "<group>";
		};
		265DC3862BCD1413006F2585 /* Preview Content */ = {
			isa = PBXGroup;
			children = (
				265DC3872BCD1413006F2585 /* Preview Assets.xcassets */,
			);
			path = "Preview Content";
			sourceTree = "<group>";
		};
		265DC3972BCD1F24006F2585 /* Formatters */ = {
			isa = PBXGroup;
			children = (
				265DC3982BCD1F36006F2585 /* NewDateFormatter.swift */,
			);
			path = Formatters;
			sourceTree = "<group>";
		};
		9B4983A12C9819BE00259E2E /* Representables */ = {
			isa = PBXGroup;
			children = (
				9B4983A22C981A0300259E2E /* ShareSheet.swift */,
			);
			path = Representables;
			sourceTree = "<group>";
		};
/* End PBXGroup section */

/* Begin PBXNativeTarget section */
		265DC37C2BCD1412006F2585 /* NotesAppUsingCoreData */ = {
			isa = PBXNativeTarget;
			buildConfigurationList = 265DC38B2BCD1413006F2585 /* Build configuration list for PBXNativeTarget "NotesAppUsingCoreData" */;
			buildPhases = (
				265DC3792BCD1412006F2585 /* Sources */,
				265DC37A2BCD1412006F2585 /* Frameworks */,
				265DC37B2BCD1412006F2585 /* Resources */,
			);
			buildRules = (
			);
			dependencies = (
			);
			name = NotesAppUsingCoreData;
			productName = NotesAppUsingCoreData;
			productReference = 265DC37D2BCD1412006F2585 /* NotesAppUsingCoreData.app */;
			productType = "com.apple.product-type.application";
		};
/* End PBXNativeTarget section */

/* Begin PBXProject section */
		265DC3752BCD1412006F2585 /* Project object */ = {
			isa = PBXProject;
			attributes = {
				BuildIndependentTargetsInParallel = 1;
				LastSwiftUpdateCheck = 1530;
				LastUpgradeCheck = 1530;
				TargetAttributes = {
					265DC37C2BCD1412006F2585 = {
						CreatedOnToolsVersion = 15.3;
					};
				};
			};
			buildConfigurationList = 265DC3782BCD1412006F2585 /* Build configuration list for PBXProject "NotesAppUsingCoreData" */;
			compatibilityVersion = "Xcode 14.0";
			developmentRegion = en;
			hasScannedForEncodings = 0;
			knownRegions = (
				en,
				Base,
			);
			mainGroup = 265DC3742BCD1412006F2585;
			productRefGroup = 265DC37E2BCD1412006F2585 /* Products */;
			projectDirPath = "";
			projectRoot = "";
			targets = (
				265DC37C2BCD1412006F2585 /* NotesAppUsingCoreData */,
			);
		};
/* End PBXProject section */

/* Begin PBXResourcesBuildPhase section */
		265DC37B2BCD1412006F2585 /* Resources */ = {
			isa = PBXResourcesBuildPhase;
			buildActionMask = 2147483647;
			files = (
				265DC3882BCD1413006F2585 /* Preview Assets.xcassets in Resources */,
				265DC3852BCD1413006F2585 /* Assets.xcassets in Resources */,
			);
			runOnlyForDeploymentPostprocessing = 0;
		};
/* End PBXResourcesBuildPhase section */

/* Begin PBXSourcesBuildPhase section */
		265DC3792BCD1412006F2585 /* Sources */ = {
			isa = PBXSourcesBuildPhase;
			buildActionMask = 2147483647;
			files = (
				265DC3902BCD1637006F2585 /* Notes.xcdatamodeld in Sources */,
				265DC3992BCD1F36006F2585 /* NewDateFormatter.swift in Sources */,
				265DC3922BCD175C006F2585 /* NoteListView.swift in Sources */,
				265DC3942BCD17F7006F2585 /* NoteDetailsView.swift in Sources */,
				9B4983A72C98212700259E2E /* EditNoteView.swift in Sources */,
				265DC3962BCD191C006F2585 /* AddNewNoteView.swift in Sources */,
				265DC3812BCD1412006F2585 /* NotesAppUsingCoreDataApp.swift in Sources */,
				9B4983A32C981A0300259E2E /* ShareSheet.swift in Sources */,
			);
			runOnlyForDeploymentPostprocessing = 0;
		};
/* End PBXSourcesBuildPhase section */

/* Begin XCBuildConfiguration section */
		265DC3892BCD1413006F2585 /* Debug */ = {
			isa = XCBuildConfiguration;
			buildSettings = {
				ALWAYS_SEARCH_USER_PATHS = NO;
				ASSETCATALOG_COMPILER_GENERATE_SWIFT_ASSET_SYMBOL_EXTENSIONS = YES;
				CLANG_ANALYZER_NONNULL = YES;
				CLANG_ANALYZER_NUMBER_OBJECT_CONVERSION = YES_AGGRESSIVE;
				CLANG_CXX_LANGUAGE_STANDARD = "gnu++20";
				CLANG_ENABLE_MODULES = YES;
				CLANG_ENABLE_OBJC_ARC = YES;
				CLANG_ENABLE_OBJC_WEAK = YES;
				CLANG_WARN_BLOCK_CAPTURE_AUTORELEASING = YES;
				CLANG_WARN_BOOL_CONVERSION = YES;
				CLANG_WARN_COMMA = YES;
				CLANG_WARN_CONSTANT_CONVERSION = YES;
				CLANG_WARN_DEPRECATED_OBJC_IMPLEMENTATIONS = YES;
				CLANG_WARN_DIRECT_OBJC_ISA_USAGE = YES_ERROR;
				CLANG_WARN_DOCUMENTATION_COMMENTS = YES;
				CLANG_WARN_EMPTY_BODY = YES;
				CLANG_WARN_ENUM_CONVERSION = YES;
				CLANG_WARN_INFINITE_RECURSION = YES;
				CLANG_WARN_INT_CONVERSION = YES;
				CLANG_WARN_NON_LITERAL_NULL_CONVERSION = YES;
				CLANG_WARN_OBJC_IMPLICIT_RETAIN_SELF = YES;
				CLANG_WARN_OBJC_LITERAL_CONVERSION = YES;
				CLANG_WARN_OBJC_ROOT_CLASS = YES_ERROR;
				CLANG_WARN_QUOTED_INCLUDE_IN_FRAMEWORK_HEADER = YES;
				CLANG_WARN_RANGE_LOOP_ANALYSIS = YES;
				CLANG_WARN_STRICT_PROTOTYPES = YES;
				CLANG_WARN_SUSPICIOUS_MOVE = YES;
				CLANG_WARN_UNGUARDED_AVAILABILITY = YES_AGGRESSIVE;
				CLANG_WARN_UNREACHABLE_CODE = YES;
				CLANG_WARN__DUPLICATE_METHOD_MATCH = YES;
				COPY_PHASE_STRIP = NO;
				DEBUG_INFORMATION_FORMAT = dwarf;
				ENABLE_STRICT_OBJC_MSGSEND = YES;
				ENABLE_TESTABILITY = YES;
				ENABLE_USER_SCRIPT_SANDBOXING = YES;
				GCC_C_LANGUAGE_STANDARD = gnu17;
				GCC_DYNAMIC_NO_PIC = NO;
				GCC_NO_COMMON_BLOCKS = YES;
				GCC_OPTIMIZATION_LEVEL = 0;
				GCC_PREPROCESSOR_DEFINITIONS = (
					"DEBUG=1",
					"$(inherited)",
				);
				GCC_WARN_64_TO_32_BIT_CONVERSION = YES;
				GCC_WARN_ABOUT_RETURN_TYPE = YES_ERROR;
				GCC_WARN_UNDECLARED_SELECTOR = YES;
				GCC_WARN_UNINITIALIZED_AUTOS = YES_AGGRESSIVE;
				GCC_WARN_UNUSED_FUNCTION = YES;
				GCC_WARN_UNUSED_VARIABLE = YES;
				IPHONEOS_DEPLOYMENT_TARGET = 17.4;
				LOCALIZATION_PREFERS_STRING_CATALOGS = YES;
				MTL_ENABLE_DEBUG_INFO = INCLUDE_SOURCE;
				MTL_FAST_MATH = YES;
				ONLY_ACTIVE_ARCH = YES;
				SDKROOT = iphoneos;
				SWIFT_ACTIVE_COMPILATION_CONDITIONS = "DEBUG $(inherited)";
				SWIFT_OPTIMIZATION_LEVEL = "-Onone";
			};
			name = Debug;
		};
		265DC38A2BCD1413006F2585 /* Release */ = {
			isa = XCBuildConfiguration;
			buildSettings = {
				ALWAYS_SEARCH_USER_PATHS = NO;
				ASSETCATALOG_COMPILER_GENERATE_SWIFT_ASSET_SYMBOL_EXTENSIONS = YES;
				CLANG_ANALYZER_NONNULL = YES;
				CLANG_ANALYZER_NUMBER_OBJECT_CONVERSION = YES_AGGRESSIVE;
				CLANG_CXX_LANGUAGE_STANDARD = "gnu++20";
				CLANG_ENABLE_MODULES = YES;
				CLANG_ENABLE_OBJC_ARC = YES;
				CLANG_ENABLE_OBJC_WEAK = YES;
				CLANG_WARN_BLOCK_CAPTURE_AUTORELEASING = YES;
				CLANG_WARN_BOOL_CONVERSION = YES;
				CLANG_WARN_COMMA = YES;
				CLANG_WARN_CONSTANT_CONVERSION = YES;
				CLANG_WARN_DEPRECATED_OBJC_IMPLEMENTATIONS = YES;
				CLANG_WARN_DIRECT_OBJC_ISA_USAGE = YES_ERROR;
				CLANG_WARN_DOCUMENTATION_COMMENTS = YES;
				CLANG_WARN_EMPTY_BODY = YES;
				CLANG_WARN_ENUM_CONVERSION = YES;
				CLANG_WARN_INFINITE_RECURSION = YES;
				CLANG_WARN_INT_CONVERSION = YES;
				CLANG_WARN_NON_LITERAL_NULL_CONVERSION = YES;
				CLANG_WARN_OBJC_IMPLICIT_RETAIN_SELF = YES;
				CLANG_WARN_OBJC_LITERAL_CONVERSION = YES;
				CLANG_WARN_OBJC_ROOT_CLASS = YES_ERROR;
				CLANG_WARN_QUOTED_INCLUDE_IN_FRAMEWORK_HEADER = YES;
				CLANG_WARN_RANGE_LOOP_ANALYSIS = YES;
				CLANG_WARN_STRICT_PROTOTYPES = YES;
				CLANG_WARN_SUSPICIOUS_MOVE = YES;
				CLANG_WARN_UNGUARDED_AVAILABILITY = YES_AGGRESSIVE;
				CLANG_WARN_UNREACHABLE_CODE = YES;
				CLANG_WARN__DUPLICATE_METHOD_MATCH = YES;
				COPY_PHASE_STRIP = NO;
				DEBUG_INFORMATION_FORMAT = "dwarf-with-dsym";
				ENABLE_NS_ASSERTIONS = NO;
				ENABLE_STRICT_OBJC_MSGSEND = YES;
				ENABLE_USER_SCRIPT_SANDBOXING = YES;
				GCC_C_LANGUAGE_STANDARD = gnu17;
				GCC_NO_COMMON_BLOCKS = YES;
				GCC_WARN_64_TO_32_BIT_CONVERSION = YES;
				GCC_WARN_ABOUT_RETURN_TYPE = YES_ERROR;
				GCC_WARN_UNDECLARED_SELECTOR = YES;
				GCC_WARN_UNINITIALIZED_AUTOS = YES_AGGRESSIVE;
				GCC_WARN_UNUSED_FUNCTION = YES;
				GCC_WARN_UNUSED_VARIABLE = YES;
				IPHONEOS_DEPLOYMENT_TARGET = 17.4;
				LOCALIZATION_PREFERS_STRING_CATALOGS = YES;
				MTL_ENABLE_DEBUG_INFO = NO;
				MTL_FAST_MATH = YES;
				SDKROOT = iphoneos;
				SWIFT_COMPILATION_MODE = wholemodule;
				VALIDATE_PRODUCT = YES;
			};
			name = Release;
		};
		265DC38C2BCD1413006F2585 /* Debug */ = {
			isa = XCBuildConfiguration;
			buildSettings = {
				ASSETCATALOG_COMPILER_APPICON_NAME = AppIcon;
				ASSETCATALOG_COMPILER_GLOBAL_ACCENT_COLOR_NAME = AccentColor;
				CODE_SIGN_STYLE = Automatic;
				CURRENT_PROJECT_VERSION = 1;
				DEVELOPMENT_ASSET_PATHS = "\"NotesAppUsingCoreData/Preview Content\"";
				DEVELOPMENT_TEAM = H88KGC5SCC;
				ENABLE_PREVIEWS = YES;
				GENERATE_INFOPLIST_FILE = YES;
				INFOPLIST_KEY_UIApplicationSceneManifest_Generation = YES;
				INFOPLIST_KEY_UIApplicationSupportsIndirectInputEvents = YES;
				INFOPLIST_KEY_UILaunchScreen_Generation = YES;
				INFOPLIST_KEY_UISupportedInterfaceOrientations_iPad = "UIInterfaceOrientationPortrait UIInterfaceOrientationPortraitUpsideDown UIInterfaceOrientationLandscapeLeft UIInterfaceOrientationLandscapeRight";
				INFOPLIST_KEY_UISupportedInterfaceOrientations_iPhone = "UIInterfaceOrientationPortrait UIInterfaceOrientationLandscapeLeft UIInterfaceOrientationLandscapeRight";
				LD_RUNPATH_SEARCH_PATHS = (
					"$(inherited)",
					"@executable_path/Frameworks",
				);
				MARKETING_VERSION = 1.0;
				PRODUCT_BUNDLE_IDENTIFIER = com.ayairshaid.NotesAppUsingCoreData;
				PRODUCT_NAME = "$(TARGET_NAME)";
				SWIFT_EMIT_LOC_STRINGS = YES;
				SWIFT_VERSION = 5.0;
				TARGETED_DEVICE_FAMILY = "1,2";
			};
			name = Debug;
		};
		265DC38D2BCD1413006F2585 /* Release */ = {
			isa = XCBuildConfiguration;
			buildSettings = {
				ASSETCATALOG_COMPILER_APPICON_NAME = AppIcon;
				ASSETCATALOG_COMPILER_GLOBAL_ACCENT_COLOR_NAME = AccentColor;
				CODE_SIGN_STYLE = Automatic;
				CURRENT_PROJECT_VERSION = 1;
				DEVELOPMENT_ASSET_PATHS = "\"NotesAppUsingCoreData/Preview Content\"";
				DEVELOPMENT_TEAM = H88KGC5SCC;
				ENABLE_PREVIEWS = YES;
				GENERATE_INFOPLIST_FILE = YES;
				INFOPLIST_KEY_UIApplicationSceneManifest_Generation = YES;
				INFOPLIST_KEY_UIApplicationSupportsIndirectInputEvents = YES;
				INFOPLIST_KEY_UILaunchScreen_Generation = YES;
				INFOPLIST_KEY_UISupportedInterfaceOrientations_iPad = "UIInterfaceOrientationPortrait UIInterfaceOrientationPortraitUpsideDown UIInterfaceOrientationLandscapeLeft UIInterfaceOrientationLandscapeRight";
				INFOPLIST_KEY_UISupportedInterfaceOrientations_iPhone = "UIInterfaceOrientationPortrait UIInterfaceOrientationLandscapeLeft UIInterfaceOrientationLandscapeRight";
				LD_RUNPATH_SEARCH_PATHS = (
					"$(inherited)",
					"@executable_path/Frameworks",
				);
				MARKETING_VERSION = 1.0;
				PRODUCT_BUNDLE_IDENTIFIER = com.ayairshaid.NotesAppUsingCoreData;
				PRODUCT_NAME = "$(TARGET_NAME)";
				SWIFT_EMIT_LOC_STRINGS = YES;
				SWIFT_VERSION = 5.0;
				TARGETED_DEVICE_FAMILY = "1,2";
			};
			name = Release;
		};
/* End XCBuildConfiguration section */

/* Begin XCConfigurationList section */
		265DC3782BCD1412006F2585 /* Build configuration list for PBXProject "NotesAppUsingCoreData" */ = {
			isa = XCConfigurationList;
			buildConfigurations = (
				265DC3892BCD1413006F2585 /* Debug */,
				265DC38A2BCD1413006F2585 /* Release */,
			);
			defaultConfigurationIsVisible = 0;
			defaultConfigurationName = Release;
		};
		265DC38B2BCD1413006F2585 /* Build configuration list for PBXNativeTarget "NotesAppUsingCoreData" */ = {
			isa = XCConfigurationList;
			buildConfigurations = (
				265DC38C2BCD1413006F2585 /* Debug */,
				265DC38D2BCD1413006F2585 /* Release */,
			);
			defaultConfigurationIsVisible = 0;
			defaultConfigurationName = Release;
		};
/* End XCConfigurationList section */

/* Begin XCVersionGroup section */
		265DC38E2BCD1637006F2585 /* Notes.xcdatamodeld */ = {
			isa = XCVersionGroup;
			children = (
				265DC38F2BCD1637006F2585 /* NotesDataModel.xcdatamodel */,
			);
			currentVersion = 265DC38F2BCD1637006F2585 /* NotesDataModel.xcdatamodel */;
			path = Notes.xcdatamodeld;
			sourceTree = "<group>";
			versionGroupType = wrapper.xcdatamodel;
		};
/* End XCVersionGroup section */
	};
	rootObject = 265DC3752BCD1412006F2585 /* Project object */;
}
